<?xml version="1.0" encoding="UTF-8"?>
<!DOCTYPE plist PUBLIC "-//Apple//DTD PLIST 1.0//EN" "http://www.apple.com/DTDs/PropertyList-1.0.dtd">
<plist version="1.0">
<dict>
	<key>archiveVersion</key>
	<string>1</string>
	<key>classes</key>
	<dict/>
	<key>objectVersion</key>
	<string>46</string>
	<key>objects</key>
	<dict>
		<key>027D909034AF45F1A8EC5D27</key>
		<dict>
			<key>buildActionMask</key>
			<string>2147483647</string>
			<key>files</key>
			<array/>
			<key>inputPaths</key>
			<array/>
			<key>isa</key>
			<string>PBXShellScriptBuildPhase</string>
			<key>name</key>
			<string>Check Pods Manifest.lock</string>
			<key>outputPaths</key>
			<array/>
			<key>runOnlyForDeploymentPostprocessing</key>
			<string>0</string>
			<key>shellPath</key>
			<string>/bin/sh</string>
			<key>shellScript</key>
			<string>diff "${PODS_ROOT}/../Podfile.lock" "${PODS_ROOT}/Manifest.lock" &gt; /dev/null
if [[ $? != 0 ]] ; then
    cat &lt;&lt; EOM
error: The sandbox is not in sync with the Podfile.lock. Run 'pod install' or update your CocoaPods installation.
EOM
    exit 1
fi
</string>
			<key>showEnvVarsInLog</key>
			<string>0</string>
		</dict>
		<key>4721AEF1E1CD463382F26C1F</key>
		<dict>
			<key>buildActionMask</key>
			<string>2147483647</string>
			<key>files</key>
			<array/>
			<key>inputPaths</key>
			<array/>
			<key>isa</key>
			<string>PBXShellScriptBuildPhase</string>
			<key>name</key>
			<string>Copy Pods Resources</string>
			<key>outputPaths</key>
			<array/>
			<key>runOnlyForDeploymentPostprocessing</key>
			<string>0</string>
			<key>shellPath</key>
			<string>/bin/sh</string>
			<key>shellScript</key>
			<string>"${SRCROOT}/Pods/Pods-TenByTenTests-resources.sh"
</string>
			<key>showEnvVarsInLog</key>
			<string>0</string>
		</dict>
		<key>4B322CB72B6447C19C0B8195</key>
		<dict>
			<key>includeInIndex</key>
			<string>1</string>
			<key>isa</key>
			<string>PBXFileReference</string>
			<key>lastKnownFileType</key>
			<string>text.xcconfig</string>
			<key>name</key>
			<string>Pods.xcconfig</string>
			<key>path</key>
			<string>Pods/Pods.xcconfig</string>
			<key>sourceTree</key>
			<string>SOURCE_ROOT</string>
		</dict>
		<key>6A7A614398184399A04C6FAB</key>
		<dict>
			<key>explicitFileType</key>
			<string>archive.ar</string>
			<key>includeInIndex</key>
			<string>0</string>
			<key>isa</key>
			<string>PBXFileReference</string>
			<key>path</key>
			<string>libPods-TenByTenTests.a</string>
			<key>sourceTree</key>
			<string>BUILT_PRODUCTS_DIR</string>
		</dict>
		<key>74E43CE3CBFB434180A8AD13</key>
		<dict>
			<key>buildActionMask</key>
			<string>2147483647</string>
			<key>files</key>
			<array/>
			<key>inputPaths</key>
			<array/>
			<key>isa</key>
			<string>PBXShellScriptBuildPhase</string>
			<key>name</key>
			<string>Copy Pods Resources</string>
			<key>outputPaths</key>
			<array/>
			<key>runOnlyForDeploymentPostprocessing</key>
			<string>0</string>
			<key>shellPath</key>
			<string>/bin/sh</string>
			<key>shellScript</key>
			<string>"${SRCROOT}/Pods/Pods-resources.sh"
</string>
		</dict>
		<key>7AB50BDEFE0A4C3C8D8E5022</key>
		<dict>
			<key>includeInIndex</key>
			<string>1</string>
			<key>isa</key>
			<string>PBXFileReference</string>
			<key>lastKnownFileType</key>
			<string>text.xcconfig</string>
			<key>name</key>
			<string>Pods-TenByTenTests.xcconfig</string>
			<key>path</key>
			<string>Pods/Pods-TenByTenTests.xcconfig</string>
			<key>sourceTree</key>
			<string>&lt;group&gt;</string>
		</dict>
		<key>94D00EBC53BD4FA2A49D37CB</key>
		<dict>
			<key>fileRef</key>
			<string>9794DE4B3D3542E49C2EF575</string>
			<key>isa</key>
			<string>PBXBuildFile</string>
		</dict>
		<key>9794DE4B3D3542E49C2EF575</key>
		<dict>
			<key>explicitFileType</key>
			<string>archive.ar</string>
			<key>includeInIndex</key>
			<string>0</string>
			<key>isa</key>
			<string>PBXFileReference</string>
			<key>path</key>
			<string>libPods.a</string>
			<key>sourceTree</key>
			<string>BUILT_PRODUCTS_DIR</string>
		</dict>
		<key>F1897E2E1603301A00963B5F</key>
		<dict>
			<key>children</key>
			<array>
				<string>F1897E2F16033D6400963B5F</string>
				<string>F1897E3016033D6400963B5F</string>
				<string>F1897E321603442400963B5F</string>
				<string>F1897E331603442400963B5F</string>
				<string>F1897E611606E34200963B5F</string>
				<string>F1897E621606E34200963B5F</string>
			</array>
			<key>isa</key>
			<string>PBXGroup</string>
			<key>path</key>
			<string>Views</string>
			<key>sourceTree</key>
			<string>&lt;group&gt;</string>
		</dict>
		<key>F1897E2F16033D6400963B5F</key>
		<dict>
			<key>fileEncoding</key>
			<string>4</string>
			<key>isa</key>
			<string>PBXFileReference</string>
			<key>lastKnownFileType</key>
			<string>sourcecode.c.h</string>
			<key>path</key>
			<string>TTHourViewCell.h</string>
			<key>sourceTree</key>
			<string>&lt;group&gt;</string>
		</dict>
		<key>F1897E3016033D6400963B5F</key>
		<dict>
			<key>fileEncoding</key>
			<string>4</string>
			<key>isa</key>
			<string>PBXFileReference</string>
			<key>lastKnownFileType</key>
			<string>sourcecode.c.objc</string>
			<key>path</key>
			<string>TTHourViewCell.m</string>
			<key>sourceTree</key>
			<string>&lt;group&gt;</string>
		</dict>
		<key>F1897E3116033D6400963B5F</key>
		<dict>
			<key>fileRef</key>
			<string>F1897E3016033D6400963B5F</string>
			<key>isa</key>
			<string>PBXBuildFile</string>
		</dict>
		<key>F1897E321603442400963B5F</key>
		<dict>
			<key>fileEncoding</key>
			<string>4</string>
			<key>isa</key>
			<string>PBXFileReference</string>
			<key>lastKnownFileType</key>
			<string>sourcecode.c.h</string>
			<key>path</key>
			<string>TTImageView.h</string>
			<key>sourceTree</key>
			<string>&lt;group&gt;</string>
		</dict>
		<key>F1897E331603442400963B5F</key>
		<dict>
			<key>fileEncoding</key>
			<string>4</string>
			<key>isa</key>
			<string>PBXFileReference</string>
			<key>lastKnownFileType</key>
			<string>sourcecode.c.objc</string>
			<key>path</key>
			<string>TTImageView.m</string>
			<key>sourceTree</key>
			<string>&lt;group&gt;</string>
		</dict>
		<key>F1897E341603442400963B5F</key>
		<dict>
			<key>fileRef</key>
			<string>F1897E331603442400963B5F</string>
			<key>isa</key>
			<string>PBXBuildFile</string>
		</dict>
		<key>F1897E35160345AE00963B5F</key>
		<dict>
			<key>children</key>
			<array>
				<string>F1897E381606AB9300963B5F</string>
				<string>F1897E36160345AE00963B5F</string>
			</array>
			<key>isa</key>
			<string>PBXGroup</string>
			<key>path</key>
			<string>Resources</string>
			<key>sourceTree</key>
			<string>&lt;group&gt;</string>
		</dict>
		<key>F1897E36160345AE00963B5F</key>
		<dict>
			<key>isa</key>
			<string>PBXFileReference</string>
			<key>lastKnownFileType</key>
			<string>image.png</string>
			<key>path</key>
			<string>BlankImage.png</string>
			<key>sourceTree</key>
			<string>&lt;group&gt;</string>
		</dict>
		<key>F1897E37160345AE00963B5F</key>
		<dict>
			<key>fileRef</key>
			<string>F1897E36160345AE00963B5F</string>
			<key>isa</key>
			<string>PBXBuildFile</string>
		</dict>
		<key>F1897E381606AB9300963B5F</key>
		<dict>
			<key>isa</key>
			<string>PBXFileReference</string>
			<key>lastKnownFileType</key>
			<string>image.png</string>
			<key>path</key>
			<string>BlankImage@2x.png</string>
			<key>sourceTree</key>
			<string>&lt;group&gt;</string>
		</dict>
		<key>F1897E391606AB9300963B5F</key>
		<dict>
			<key>fileRef</key>
			<string>F1897E381606AB9300963B5F</string>
			<key>isa</key>
			<string>PBXBuildFile</string>
		</dict>
		<key>F1897E5D1606D80C00963B5F</key>
		<dict>
			<key>fileEncoding</key>
			<string>4</string>
			<key>isa</key>
			<string>PBXFileReference</string>
			<key>lastKnownFileType</key>
			<string>sourcecode.c.h</string>
			<key>path</key>
			<string>TTWordViewController.h</string>
			<key>sourceTree</key>
			<string>&lt;group&gt;</string>
		</dict>
		<key>F1897E5E1606D80C00963B5F</key>
		<dict>
			<key>fileEncoding</key>
			<string>4</string>
			<key>isa</key>
			<string>PBXFileReference</string>
			<key>lastKnownFileType</key>
			<string>sourcecode.c.objc</string>
			<key>path</key>
			<string>TTWordViewController.m</string>
			<key>sourceTree</key>
			<string>&lt;group&gt;</string>
		</dict>
		<key>F1897E5F1606D80C00963B5F</key>
		<dict>
			<key>fileRef</key>
			<string>F1897E5E1606D80C00963B5F</string>
			<key>isa</key>
			<string>PBXBuildFile</string>
		</dict>
		<key>F1897E611606E34200963B5F</key>
		<dict>
			<key>fileEncoding</key>
			<string>4</string>
			<key>isa</key>
			<string>PBXFileReference</string>
			<key>lastKnownFileType</key>
			<string>sourcecode.c.h</string>
			<key>path</key>
			<string>TTWordImageView.h</string>
			<key>sourceTree</key>
			<string>&lt;group&gt;</string>
		</dict>
		<key>F1897E621606E34200963B5F</key>
		<dict>
			<key>fileEncoding</key>
			<string>4</string>
			<key>isa</key>
			<string>PBXFileReference</string>
			<key>lastKnownFileType</key>
			<string>sourcecode.c.objc</string>
			<key>path</key>
			<string>TTWordImageView.m</string>
			<key>sourceTree</key>
			<string>&lt;group&gt;</string>
		</dict>
		<key>F1897E631606E34200963B5F</key>
		<dict>
			<key>fileRef</key>
			<string>F1897E621606E34200963B5F</string>
			<key>isa</key>
			<string>PBXBuildFile</string>
		</dict>
		<key>F197AAA51602AF5500C6EFB9</key>
		<dict>
			<key>children</key>
			<array>
				<string>F197AAA81602AFBF00C6EFB9</string>
				<string>F197AAA91602AFBF00C6EFB9</string>
				<string>F197AAAE1602B26C00C6EFB9</string>
				<string>F197AAAF1602B26C00C6EFB9</string>
				<string>F197AAAB1602B0B200C6EFB9</string>
				<string>F197AAAC1602B0B200C6EFB9</string>
				<string>F197AABB1603145C00C6EFB9</string>
				<string>F197AABC1603145C00C6EFB9</string>
			</array>
			<key>isa</key>
			<string>PBXGroup</string>
			<key>path</key>
			<string>Model</string>
			<key>sourceTree</key>
			<string>&lt;group&gt;</string>
		</dict>
		<key>F197AAA71602AF6A00C6EFB9</key>
		<dict>
			<key>children</key>
			<array>
				<string>F197AAB81602CF0D00C6EFB9</string>
				<string>F197AAB91602CF0D00C6EFB9</string>
				<string>F1897E5D1606D80C00963B5F</string>
				<string>F1897E5E1606D80C00963B5F</string>
			</array>
			<key>isa</key>
			<string>PBXGroup</string>
			<key>path</key>
			<string>ViewControllers</string>
			<key>sourceTree</key>
			<string>&lt;group&gt;</string>
		</dict>
		<key>F197AAA81602AFBF00C6EFB9</key>
		<dict>
			<key>fileEncoding</key>
			<string>4</string>
			<key>isa</key>
			<string>PBXFileReference</string>
			<key>lastKnownFileType</key>
			<string>sourcecode.c.h</string>
			<key>path</key>
			<string>TTDataManager.h</string>
			<key>sourceTree</key>
			<string>&lt;group&gt;</string>
		</dict>
		<key>F197AAA91602AFBF00C6EFB9</key>
		<dict>
			<key>fileEncoding</key>
			<string>4</string>
			<key>isa</key>
			<string>PBXFileReference</string>
			<key>lastKnownFileType</key>
			<string>sourcecode.c.objc</string>
			<key>path</key>
			<string>TTDataManager.m</string>
			<key>sourceTree</key>
			<string>&lt;group&gt;</string>
		</dict>
		<key>F197AAAA1602AFBF00C6EFB9</key>
		<dict>
			<key>fileRef</key>
			<string>F197AAA91602AFBF00C6EFB9</string>
			<key>isa</key>
			<string>PBXBuildFile</string>
		</dict>
		<key>F197AAAB1602B0B200C6EFB9</key>
		<dict>
			<key>fileEncoding</key>
			<string>4</string>
			<key>isa</key>
			<string>PBXFileReference</string>
			<key>lastKnownFileType</key>
			<string>sourcecode.c.h</string>
			<key>path</key>
			<string>TTTenXTenApiClient.h</string>
			<key>sourceTree</key>
			<string>&lt;group&gt;</string>
		</dict>
		<key>F197AAAC1602B0B200C6EFB9</key>
		<dict>
			<key>fileEncoding</key>
			<string>4</string>
			<key>isa</key>
			<string>PBXFileReference</string>
			<key>lastKnownFileType</key>
			<string>sourcecode.c.objc</string>
			<key>path</key>
			<string>TTTenXTenApiClient.m</string>
			<key>sourceTree</key>
			<string>&lt;group&gt;</string>
		</dict>
		<key>F197AAAD1602B0B200C6EFB9</key>
		<dict>
			<key>fileRef</key>
			<string>F197AAAC1602B0B200C6EFB9</string>
			<key>isa</key>
			<string>PBXBuildFile</string>
		</dict>
		<key>F197AAAE1602B26C00C6EFB9</key>
		<dict>
			<key>fileEncoding</key>
			<string>4</string>
			<key>isa</key>
			<string>PBXFileReference</string>
			<key>lastKnownFileType</key>
			<string>sourcecode.c.h</string>
			<key>path</key>
			<string>TTKeyDate.h</string>
			<key>sourceTree</key>
			<string>&lt;group&gt;</string>
		</dict>
		<key>F197AAAF1602B26C00C6EFB9</key>
		<dict>
			<key>fileEncoding</key>
			<string>4</string>
			<key>isa</key>
			<string>PBXFileReference</string>
			<key>lastKnownFileType</key>
			<string>sourcecode.c.objc</string>
			<key>path</key>
			<string>TTKeyDate.m</string>
			<key>sourceTree</key>
			<string>&lt;group&gt;</string>
		</dict>
		<key>F197AAB01602B26C00C6EFB9</key>
		<dict>
			<key>fileRef</key>
			<string>F197AAAF1602B26C00C6EFB9</string>
			<key>isa</key>
			<string>PBXBuildFile</string>
		</dict>
		<key>F197AAB11602C1F300C6EFB9</key>
		<dict>
			<key>fileEncoding</key>
			<string>4</string>
			<key>isa</key>
			<string>PBXFileReference</string>
			<key>lastKnownFileType</key>
			<string>sourcecode.c.h</string>
			<key>path</key>
			<string>TTKeyDateTests.h</string>
			<key>sourceTree</key>
			<string>&lt;group&gt;</string>
		</dict>
		<key>F197AAB21602C1F300C6EFB9</key>
		<dict>
			<key>fileEncoding</key>
			<string>4</string>
			<key>isa</key>
			<string>PBXFileReference</string>
			<key>lastKnownFileType</key>
			<string>sourcecode.c.objc</string>
			<key>path</key>
			<string>TTKeyDateTests.m</string>
			<key>sourceTree</key>
			<string>&lt;group&gt;</string>
		</dict>
		<key>F197AAB31602C1F300C6EFB9</key>
		<dict>
			<key>fileRef</key>
			<string>F197AAB21602C1F300C6EFB9</string>
			<key>isa</key>
			<string>PBXBuildFile</string>
		</dict>
		<key>F197AAB41602CD9500C6EFB9</key>
		<dict>
			<key>isa</key>
			<string>PBXFileReference</string>
			<key>lastKnownFileType</key>
			<string>sourcecode.c.h</string>
			<key>path</key>
			<string>TTNotifications.h</string>
			<key>sourceTree</key>
			<string>&lt;group&gt;</string>
		</dict>
		<key>F197AAB81602CF0D00C6EFB9</key>
		<dict>
			<key>fileEncoding</key>
			<string>4</string>
			<key>isa</key>
			<string>PBXFileReference</string>
			<key>lastKnownFileType</key>
			<string>sourcecode.c.h</string>
			<key>path</key>
			<string>TTHourViewController.h</string>
			<key>sourceTree</key>
			<string>&lt;group&gt;</string>
		</dict>
		<key>F197AAB91602CF0D00C6EFB9</key>
		<dict>
			<key>fileEncoding</key>
			<string>4</string>
			<key>isa</key>
			<string>PBXFileReference</string>
			<key>lastKnownFileType</key>
			<string>sourcecode.c.objc</string>
			<key>path</key>
			<string>TTHourViewController.m</string>
			<key>sourceTree</key>
			<string>&lt;group&gt;</string>
		</dict>
		<key>F197AABA1602CF0D00C6EFB9</key>
		<dict>
			<key>fileRef</key>
			<string>F197AAB91602CF0D00C6EFB9</string>
			<key>isa</key>
			<string>PBXBuildFile</string>
		</dict>
		<key>F197AABB1603145C00C6EFB9</key>
		<dict>
			<key>fileEncoding</key>
			<string>4</string>
			<key>isa</key>
			<string>PBXFileReference</string>
			<key>lastKnownFileType</key>
			<string>sourcecode.c.h</string>
			<key>path</key>
			<string>TTKeyWord.h</string>
			<key>sourceTree</key>
			<string>&lt;group&gt;</string>
		</dict>
		<key>F197AABC1603145C00C6EFB9</key>
		<dict>
			<key>fileEncoding</key>
			<string>4</string>
			<key>isa</key>
			<string>PBXFileReference</string>
			<key>lastKnownFileType</key>
			<string>sourcecode.c.objc</string>
			<key>path</key>
			<string>TTKeyWord.m</string>
			<key>sourceTree</key>
			<string>&lt;group&gt;</string>
		</dict>
		<key>F197AABD1603145C00C6EFB9</key>
		<dict>
			<key>fileRef</key>
			<string>F197AABC1603145C00C6EFB9</string>
			<key>isa</key>
			<string>PBXBuildFile</string>
		</dict>
		<key>F1F88BF316029BBB005C375F</key>
		<dict>
			<key>children</key>
			<array>
				<string>F1F88C0816029BBB005C375F</string>
				<string>F1F88C2916029BBC005C375F</string>
				<string>F1F88C0116029BBB005C375F</string>
				<string>F1F88BFF16029BBB005C375F</string>
				<string>4B322CB72B6447C19C0B8195</string>
				<string>7AB50BDEFE0A4C3C8D8E5022</string>
			</array>
			<key>isa</key>
			<string>PBXGroup</string>
			<key>sourceTree</key>
			<string>&lt;group&gt;</string>
		</dict>
		<key>F1F88BF516029BBB005C375F</key>
		<dict>
			<key>attributes</key>
			<dict>
				<key>CLASSPREFIX</key>
				<string>TT</string>
				<key>LastUpgradeCheck</key>
				<string>0440</string>
				<key>ORGANIZATIONNAME</key>
				<string>GaltSoft</string>
				<key>TargetAttributes</key>
				<dict>
					<key>F1F88BFD16029BBB005C375F</key>
					<dict>
						<key>DevelopmentTeam</key>
						<string>FCFUAUMXPQ</string>
					</dict>
				</dict>
			</dict>
			<key>buildConfigurationList</key>
			<string>F1F88BF816029BBB005C375F</string>
			<key>compatibilityVersion</key>
			<string>Xcode 3.2</string>
			<key>developmentRegion</key>
			<string>English</string>
			<key>hasScannedForEncodings</key>
			<string>0</string>
			<key>isa</key>
			<string>PBXProject</string>
			<key>knownRegions</key>
			<array>
				<string>en</string>
			</array>
			<key>mainGroup</key>
			<string>F1F88BF316029BBB005C375F</string>
			<key>productRefGroup</key>
			<string>F1F88BFF16029BBB005C375F</string>
			<key>projectDirPath</key>
			<string></string>
			<key>projectReferences</key>
			<array/>
			<key>projectRoot</key>
			<string></string>
			<key>targets</key>
			<array>
				<string>F1F88BFD16029BBB005C375F</string>
				<string>F1F88C2116029BBC005C375F</string>
			</array>
		</dict>
		<key>F1F88BF816029BBB005C375F</key>
		<dict>
			<key>buildConfigurations</key>
			<array>
				<string>F1F88C3216029BBC005C375F</string>
				<string>F1F88C3316029BBC005C375F</string>
			</array>
			<key>defaultConfigurationIsVisible</key>
			<string>0</string>
			<key>defaultConfigurationName</key>
			<string>Release</string>
			<key>isa</key>
			<string>XCConfigurationList</string>
		</dict>
		<key>F1F88BFA16029BBB005C375F</key>
		<dict>
			<key>buildActionMask</key>
			<string>2147483647</string>
			<key>files</key>
			<array>
				<string>F1F88C0F16029BBB005C375F</string>
				<string>F1F88C1316029BBB005C375F</string>
				<string>F197AAAA1602AFBF00C6EFB9</string>
				<string>F197AAAD1602B0B200C6EFB9</string>
				<string>F197AAB01602B26C00C6EFB9</string>
				<string>F197AABA1602CF0D00C6EFB9</string>
				<string>F197AABD1603145C00C6EFB9</string>
				<string>F1897E3116033D6400963B5F</string>
				<string>F1897E341603442400963B5F</string>
				<string>F1897E5F1606D80C00963B5F</string>
				<string>F1897E631606E34200963B5F</string>
			</array>
			<key>isa</key>
			<string>PBXSourcesBuildPhase</string>
			<key>runOnlyForDeploymentPostprocessing</key>
			<string>0</string>
		</dict>
		<key>F1F88BFB16029BBB005C375F</key>
		<dict>
			<key>buildActionMask</key>
			<string>2147483647</string>
			<key>files</key>
			<array>
				<string>F1F88C0316029BBB005C375F</string>
				<string>F1F88C0516029BBB005C375F</string>
				<string>F1F88C0716029BBB005C375F</string>
				<string>94D00EBC53BD4FA2A49D37CB</string>
			</array>
			<key>isa</key>
			<string>PBXFrameworksBuildPhase</string>
			<key>runOnlyForDeploymentPostprocessing</key>
			<string>0</string>
		</dict>
		<key>F1F88BFC16029BBB005C375F</key>
		<dict>
			<key>buildActionMask</key>
			<string>2147483647</string>
			<key>files</key>
			<array>
				<string>F1F88C0D16029BBB005C375F</string>
				<string>F1F88C1616029BBB005C375F</string>
				<string>F1F88C1916029BBB005C375F</string>
				<string>F1897E37160345AE00963B5F</string>
				<string>F1897E391606AB9300963B5F</string>
			</array>
			<key>isa</key>
			<string>PBXResourcesBuildPhase</string>
			<key>runOnlyForDeploymentPostprocessing</key>
			<string>0</string>
		</dict>
		<key>F1F88BFD16029BBB005C375F</key>
		<dict>
			<key>buildConfigurationList</key>
			<string>F1F88C3416029BBC005C375F</string>
			<key>buildPhases</key>
			<array>
				<string>F1F88BFA16029BBB005C375F</string>
				<string>F1F88BFB16029BBB005C375F</string>
				<string>F1F88BFC16029BBB005C375F</string>
				<string>74E43CE3CBFB434180A8AD13</string>
			</array>
			<key>buildRules</key>
			<array/>
			<key>dependencies</key>
			<array/>
			<key>isa</key>
			<string>PBXNativeTarget</string>
			<key>name</key>
			<string>TenByTen</string>
			<key>productName</key>
			<string>TenByTen</string>
			<key>productReference</key>
			<string>F1F88BFE16029BBB005C375F</string>
			<key>productType</key>
			<string>com.apple.product-type.application</string>
		</dict>
		<key>F1F88BFE16029BBB005C375F</key>
		<dict>
			<key>explicitFileType</key>
			<string>wrapper.application</string>
			<key>includeInIndex</key>
			<string>0</string>
			<key>isa</key>
			<string>PBXFileReference</string>
			<key>path</key>
			<string>10x10.app</string>
			<key>sourceTree</key>
			<string>BUILT_PRODUCTS_DIR</string>
		</dict>
		<key>F1F88BFF16029BBB005C375F</key>
		<dict>
			<key>children</key>
			<array>
				<string>F1F88BFE16029BBB005C375F</string>
				<string>F1F88C2216029BBC005C375F</string>
			</array>
			<key>isa</key>
			<string>PBXGroup</string>
			<key>name</key>
			<string>Products</string>
			<key>sourceTree</key>
			<string>&lt;group&gt;</string>
		</dict>
		<key>F1F88C0116029BBB005C375F</key>
		<dict>
			<key>children</key>
			<array>
				<string>F1F88C0216029BBB005C375F</string>
				<string>F1F88C0416029BBB005C375F</string>
				<string>F1F88C0616029BBB005C375F</string>
				<string>F1F88C2316029BBC005C375F</string>
				<string>9794DE4B3D3542E49C2EF575</string>
				<string>6A7A614398184399A04C6FAB</string>
			</array>
			<key>isa</key>
			<string>PBXGroup</string>
			<key>name</key>
			<string>Frameworks</string>
			<key>sourceTree</key>
			<string>&lt;group&gt;</string>
		</dict>
		<key>F1F88C0216029BBB005C375F</key>
		<dict>
			<key>includeInIndex</key>
			<string>1</string>
			<key>isa</key>
			<string>PBXFileReference</string>
			<key>lastKnownFileType</key>
			<string>wrapper.framework</string>
			<key>name</key>
			<string>UIKit.framework</string>
			<key>path</key>
			<string>System/Library/Frameworks/UIKit.framework</string>
			<key>sourceTree</key>
			<string>SDKROOT</string>
		</dict>
		<key>F1F88C0316029BBB005C375F</key>
		<dict>
			<key>fileRef</key>
			<string>F1F88C0216029BBB005C375F</string>
			<key>isa</key>
			<string>PBXBuildFile</string>
		</dict>
		<key>F1F88C0416029BBB005C375F</key>
		<dict>
			<key>includeInIndex</key>
			<string>1</string>
			<key>isa</key>
			<string>PBXFileReference</string>
			<key>lastKnownFileType</key>
			<string>wrapper.framework</string>
			<key>name</key>
			<string>Foundation.framework</string>
			<key>path</key>
			<string>System/Library/Frameworks/Foundation.framework</string>
			<key>sourceTree</key>
			<string>SDKROOT</string>
		</dict>
		<key>F1F88C0516029BBB005C375F</key>
		<dict>
			<key>fileRef</key>
			<string>F1F88C0416029BBB005C375F</string>
			<key>isa</key>
			<string>PBXBuildFile</string>
		</dict>
		<key>F1F88C0616029BBB005C375F</key>
		<dict>
			<key>includeInIndex</key>
			<string>1</string>
			<key>isa</key>
			<string>PBXFileReference</string>
			<key>lastKnownFileType</key>
			<string>wrapper.framework</string>
			<key>name</key>
			<string>CoreGraphics.framework</string>
			<key>path</key>
			<string>System/Library/Frameworks/CoreGraphics.framework</string>
			<key>sourceTree</key>
			<string>SDKROOT</string>
		</dict>
		<key>F1F88C0716029BBB005C375F</key>
		<dict>
			<key>fileRef</key>
			<string>F1F88C0616029BBB005C375F</string>
			<key>isa</key>
			<string>PBXBuildFile</string>
		</dict>
		<key>F1F88C0816029BBB005C375F</key>
		<dict>
			<key>children</key>
			<array>
				<string>F1F88C1716029BBB005C375F</string>
				<string>F1F88C1416029BBB005C375F</string>
				<string>F197AAA51602AF5500C6EFB9</string>
				<string>F1897E35160345AE00963B5F</string>
				<string>F1F88C0916029BBB005C375F</string>
				<string>F1F88C1116029BBB005C375F</string>
				<string>F1F88C1216029BBB005C375F</string>
				<string>F197AAB41602CD9500C6EFB9</string>
				<string>F197AAA71602AF6A00C6EFB9</string>
				<string>F1897E2E1603301A00963B5F</string>
			</array>
			<key>isa</key>
			<string>PBXGroup</string>
			<key>path</key>
			<string>TenByTen</string>
			<key>sourceTree</key>
			<string>&lt;group&gt;</string>
		</dict>
		<key>F1F88C0916029BBB005C375F</key>
		<dict>
			<key>children</key>
			<array>
				<string>F1F88C0A16029BBB005C375F</string>
				<string>F1F88C0B16029BBB005C375F</string>
				<string>F1F88C0E16029BBB005C375F</string>
				<string>F1F88C1016029BBB005C375F</string>
			</array>
			<key>isa</key>
			<string>PBXGroup</string>
			<key>name</key>
			<string>Supporting Files</string>
			<key>sourceTree</key>
			<string>&lt;group&gt;</string>
		</dict>
		<key>F1F88C0A16029BBB005C375F</key>
		<dict>
			<key>isa</key>
			<string>PBXFileReference</string>
			<key>lastKnownFileType</key>
			<string>text.plist.xml</string>
			<key>path</key>
			<string>TenByTen-Info.plist</string>
			<key>sourceTree</key>
			<string>&lt;group&gt;</string>
		</dict>
		<key>F1F88C0B16029BBB005C375F</key>
		<dict>
			<key>children</key>
			<array>
				<string>F1F88C0C16029BBB005C375F</string>
			</array>
			<key>isa</key>
			<string>PBXVariantGroup</string>
			<key>name</key>
			<string>InfoPlist.strings</string>
			<key>sourceTree</key>
			<string>&lt;group&gt;</string>
		</dict>
		<key>F1F88C0C16029BBB005C375F</key>
		<dict>
			<key>isa</key>
			<string>PBXFileReference</string>
			<key>lastKnownFileType</key>
			<string>text.plist.strings</string>
			<key>name</key>
			<string>en</string>
			<key>path</key>
			<string>en.lproj/InfoPlist.strings</string>
			<key>sourceTree</key>
			<string>&lt;group&gt;</string>
		</dict>
		<key>F1F88C0D16029BBB005C375F</key>
		<dict>
			<key>fileRef</key>
			<string>F1F88C0B16029BBB005C375F</string>
			<key>isa</key>
			<string>PBXBuildFile</string>
		</dict>
		<key>F1F88C0E16029BBB005C375F</key>
		<dict>
			<key>isa</key>
			<string>PBXFileReference</string>
			<key>lastKnownFileType</key>
			<string>sourcecode.c.objc</string>
			<key>path</key>
			<string>main.m</string>
			<key>sourceTree</key>
			<string>&lt;group&gt;</string>
		</dict>
		<key>F1F88C0F16029BBB005C375F</key>
		<dict>
			<key>fileRef</key>
			<string>F1F88C0E16029BBB005C375F</string>
			<key>isa</key>
			<string>PBXBuildFile</string>
		</dict>
		<key>F1F88C1016029BBB005C375F</key>
		<dict>
			<key>isa</key>
			<string>PBXFileReference</string>
			<key>lastKnownFileType</key>
			<string>sourcecode.c.h</string>
			<key>path</key>
			<string>TenByTen-Prefix.pch</string>
			<key>sourceTree</key>
			<string>&lt;group&gt;</string>
		</dict>
		<key>F1F88C1116029BBB005C375F</key>
		<dict>
			<key>isa</key>
			<string>PBXFileReference</string>
			<key>lastKnownFileType</key>
			<string>sourcecode.c.h</string>
			<key>path</key>
			<string>TTAppDelegate.h</string>
			<key>sourceTree</key>
			<string>&lt;group&gt;</string>
		</dict>
		<key>F1F88C1216029BBB005C375F</key>
		<dict>
			<key>isa</key>
			<string>PBXFileReference</string>
			<key>lastKnownFileType</key>
			<string>sourcecode.c.objc</string>
			<key>path</key>
			<string>TTAppDelegate.m</string>
			<key>sourceTree</key>
			<string>&lt;group&gt;</string>
		</dict>
		<key>F1F88C1316029BBB005C375F</key>
		<dict>
			<key>fileRef</key>
			<string>F1F88C1216029BBB005C375F</string>
			<key>isa</key>
			<string>PBXBuildFile</string>
		</dict>
		<key>F1F88C1416029BBB005C375F</key>
		<dict>
			<key>children</key>
			<array>
				<string>F1F88C1516029BBB005C375F</string>
			</array>
			<key>isa</key>
			<string>PBXVariantGroup</string>
			<key>name</key>
			<string>MainStoryboard_iPhone.storyboard</string>
			<key>sourceTree</key>
			<string>&lt;group&gt;</string>
		</dict>
		<key>F1F88C1516029BBB005C375F</key>
		<dict>
			<key>isa</key>
			<string>PBXFileReference</string>
			<key>lastKnownFileType</key>
			<string>file.storyboard</string>
			<key>name</key>
			<string>en</string>
			<key>path</key>
			<string>en.lproj/MainStoryboard_iPhone.storyboard</string>
			<key>sourceTree</key>
			<string>&lt;group&gt;</string>
		</dict>
		<key>F1F88C1616029BBB005C375F</key>
		<dict>
			<key>fileRef</key>
			<string>F1F88C1416029BBB005C375F</string>
			<key>isa</key>
			<string>PBXBuildFile</string>
		</dict>
		<key>F1F88C1716029BBB005C375F</key>
		<dict>
			<key>children</key>
			<array>
				<string>F1F88C1816029BBB005C375F</string>
			</array>
			<key>isa</key>
			<string>PBXVariantGroup</string>
			<key>name</key>
			<string>MainStoryboard_iPad.storyboard</string>
			<key>sourceTree</key>
			<string>&lt;group&gt;</string>
		</dict>
		<key>F1F88C1816029BBB005C375F</key>
		<dict>
			<key>isa</key>
			<string>PBXFileReference</string>
			<key>lastKnownFileType</key>
			<string>file.storyboard</string>
			<key>name</key>
			<string>en</string>
			<key>path</key>
			<string>en.lproj/MainStoryboard_iPad.storyboard</string>
			<key>sourceTree</key>
			<string>&lt;group&gt;</string>
		</dict>
		<key>F1F88C1916029BBB005C375F</key>
		<dict>
			<key>fileRef</key>
			<string>F1F88C1716029BBB005C375F</string>
			<key>isa</key>
			<string>PBXBuildFile</string>
		</dict>
		<key>F1F88C1D16029BBC005C375F</key>
		<dict>
			<key>buildActionMask</key>
			<string>2147483647</string>
			<key>files</key>
			<array>
				<string>F1F88C3116029BBC005C375F</string>
				<string>F197AAB31602C1F300C6EFB9</string>
			</array>
			<key>isa</key>
			<string>PBXSourcesBuildPhase</string>
			<key>runOnlyForDeploymentPostprocessing</key>
			<string>0</string>
		</dict>
		<key>F1F88C1E16029BBC005C375F</key>
		<dict>
			<key>buildActionMask</key>
			<string>2147483647</string>
			<key>files</key>
			<array>
				<string>F1F88C2416029BBC005C375F</string>
				<string>F1F88C2516029BBC005C375F</string>
				<string>F1F88C2616029BBC005C375F</string>
				<string>F628C491287647A8A35DBFC0</string>
			</array>
			<key>isa</key>
			<string>PBXFrameworksBuildPhase</string>
			<key>runOnlyForDeploymentPostprocessing</key>
			<string>0</string>
		</dict>
		<key>F1F88C1F16029BBC005C375F</key>
		<dict>
			<key>buildActionMask</key>
			<string>2147483647</string>
			<key>files</key>
			<array>
				<string>F1F88C2E16029BBC005C375F</string>
			</array>
			<key>isa</key>
			<string>PBXResourcesBuildPhase</string>
			<key>runOnlyForDeploymentPostprocessing</key>
			<string>0</string>
		</dict>
		<key>F1F88C2016029BBC005C375F</key>
		<dict>
			<key>buildActionMask</key>
			<string>2147483647</string>
			<key>files</key>
			<array/>
			<key>inputPaths</key>
			<array/>
			<key>isa</key>
			<string>PBXShellScriptBuildPhase</string>
			<key>outputPaths</key>
			<array/>
			<key>runOnlyForDeploymentPostprocessing</key>
			<string>0</string>
			<key>shellPath</key>
			<string>/bin/sh</string>
			<key>shellScript</key>
			<string># Run the unit tests in this test bundle.
"${SYSTEM_DEVELOPER_DIR}/Tools/RunUnitTests"
</string>
		</dict>
		<key>F1F88C2116029BBC005C375F</key>
		<dict>
			<key>buildConfigurationList</key>
			<string>F1F88C3716029BBC005C375F</string>
			<key>buildPhases</key>
			<array>
				<string>027D909034AF45F1A8EC5D27</string>
				<string>F1F88C1D16029BBC005C375F</string>
				<string>F1F88C1E16029BBC005C375F</string>
				<string>F1F88C1F16029BBC005C375F</string>
				<string>F1F88C2016029BBC005C375F</string>
				<string>4721AEF1E1CD463382F26C1F</string>
			</array>
			<key>buildRules</key>
			<array/>
			<key>dependencies</key>
			<array>
				<string>F1F88C2816029BBC005C375F</string>
			</array>
			<key>isa</key>
			<string>PBXNativeTarget</string>
			<key>name</key>
			<string>TenByTenTests</string>
			<key>productName</key>
			<string>TenByTenTests</string>
			<key>productReference</key>
			<string>F1F88C2216029BBC005C375F</string>
			<key>productType</key>
			<string>com.apple.product-type.bundle</string>
		</dict>
		<key>F1F88C2216029BBC005C375F</key>
		<dict>
			<key>explicitFileType</key>
			<string>wrapper.cfbundle</string>
			<key>includeInIndex</key>
			<string>0</string>
			<key>isa</key>
			<string>PBXFileReference</string>
			<key>path</key>
			<string>TenByTenTests.octest</string>
			<key>sourceTree</key>
			<string>BUILT_PRODUCTS_DIR</string>
		</dict>
		<key>F1F88C2316029BBC005C375F</key>
		<dict>
			<key>isa</key>
			<string>PBXFileReference</string>
			<key>lastKnownFileType</key>
			<string>wrapper.framework</string>
			<key>name</key>
			<string>SenTestingKit.framework</string>
			<key>path</key>
			<string>Library/Frameworks/SenTestingKit.framework</string>
			<key>sourceTree</key>
			<string>DEVELOPER_DIR</string>
		</dict>
		<key>F1F88C2416029BBC005C375F</key>
		<dict>
			<key>fileRef</key>
			<string>F1F88C2316029BBC005C375F</string>
			<key>isa</key>
			<string>PBXBuildFile</string>
		</dict>
		<key>F1F88C2516029BBC005C375F</key>
		<dict>
			<key>fileRef</key>
			<string>F1F88C0216029BBB005C375F</string>
			<key>isa</key>
			<string>PBXBuildFile</string>
		</dict>
		<key>F1F88C2616029BBC005C375F</key>
		<dict>
			<key>fileRef</key>
			<string>F1F88C0416029BBB005C375F</string>
			<key>isa</key>
			<string>PBXBuildFile</string>
		</dict>
		<key>F1F88C2716029BBC005C375F</key>
		<dict>
			<key>containerPortal</key>
			<string>F1F88BF516029BBB005C375F</string>
			<key>isa</key>
			<string>PBXContainerItemProxy</string>
			<key>proxyType</key>
			<string>1</string>
			<key>remoteGlobalIDString</key>
			<string>F1F88BFD16029BBB005C375F</string>
			<key>remoteInfo</key>
			<string>TenByTen</string>
		</dict>
		<key>F1F88C2816029BBC005C375F</key>
		<dict>
			<key>isa</key>
			<string>PBXTargetDependency</string>
			<key>target</key>
			<string>F1F88BFD16029BBB005C375F</string>
			<key>targetProxy</key>
			<string>F1F88C2716029BBC005C375F</string>
		</dict>
		<key>F1F88C2916029BBC005C375F</key>
		<dict>
			<key>children</key>
			<array>
				<string>F1F88C2F16029BBC005C375F</string>
				<string>F1F88C3016029BBC005C375F</string>
				<string>F1F88C2A16029BBC005C375F</string>
				<string>F197AAB11602C1F300C6EFB9</string>
				<string>F197AAB21602C1F300C6EFB9</string>
			</array>
			<key>isa</key>
			<string>PBXGroup</string>
			<key>path</key>
			<string>TenByTenTests</string>
			<key>sourceTree</key>
			<string>&lt;group&gt;</string>
		</dict>
		<key>F1F88C2A16029BBC005C375F</key>
		<dict>
			<key>children</key>
			<array>
				<string>F1F88C2B16029BBC005C375F</string>
				<string>F1F88C2C16029BBC005C375F</string>
			</array>
			<key>isa</key>
			<string>PBXGroup</string>
			<key>name</key>
			<string>Supporting Files</string>
			<key>sourceTree</key>
			<string>&lt;group&gt;</string>
		</dict>
		<key>F1F88C2B16029BBC005C375F</key>
		<dict>
			<key>isa</key>
			<string>PBXFileReference</string>
			<key>lastKnownFileType</key>
			<string>text.plist.xml</string>
			<key>path</key>
			<string>TenByTenTests-Info.plist</string>
			<key>sourceTree</key>
			<string>&lt;group&gt;</string>
		</dict>
		<key>F1F88C2C16029BBC005C375F</key>
		<dict>
			<key>children</key>
			<array>
				<string>F1F88C2D16029BBC005C375F</string>
			</array>
			<key>isa</key>
			<string>PBXVariantGroup</string>
			<key>name</key>
			<string>InfoPlist.strings</string>
			<key>sourceTree</key>
			<string>&lt;group&gt;</string>
		</dict>
		<key>F1F88C2D16029BBC005C375F</key>
		<dict>
			<key>isa</key>
			<string>PBXFileReference</string>
			<key>lastKnownFileType</key>
			<string>text.plist.strings</string>
			<key>name</key>
			<string>en</string>
			<key>path</key>
			<string>en.lproj/InfoPlist.strings</string>
			<key>sourceTree</key>
			<string>&lt;group&gt;</string>
		</dict>
		<key>F1F88C2E16029BBC005C375F</key>
		<dict>
			<key>fileRef</key>
			<string>F1F88C2C16029BBC005C375F</string>
			<key>isa</key>
			<string>PBXBuildFile</string>
		</dict>
		<key>F1F88C2F16029BBC005C375F</key>
		<dict>
			<key>isa</key>
			<string>PBXFileReference</string>
			<key>lastKnownFileType</key>
			<string>sourcecode.c.h</string>
			<key>path</key>
			<string>TenByTenTests.h</string>
			<key>sourceTree</key>
			<string>&lt;group&gt;</string>
		</dict>
		<key>F1F88C3016029BBC005C375F</key>
		<dict>
			<key>isa</key>
			<string>PBXFileReference</string>
			<key>lastKnownFileType</key>
			<string>sourcecode.c.objc</string>
			<key>path</key>
			<string>TenByTenTests.m</string>
			<key>sourceTree</key>
			<string>&lt;group&gt;</string>
		</dict>
		<key>F1F88C3116029BBC005C375F</key>
		<dict>
			<key>fileRef</key>
			<string>F1F88C3016029BBC005C375F</string>
			<key>isa</key>
			<string>PBXBuildFile</string>
		</dict>
		<key>F1F88C3216029BBC005C375F</key>
		<dict>
			<key>buildSettings</key>
			<dict>
				<key>ALWAYS_SEARCH_USER_PATHS</key>
				<string>NO</string>
				<key>ARCHS</key>
				<string>$(ARCHS_STANDARD_32_BIT)</string>
				<key>CLANG_CXX_LANGUAGE_STANDARD</key>
				<string>gnu++0x</string>
				<key>CLANG_ENABLE_OBJC_ARC</key>
				<string>YES</string>
				<key>CLANG_WARN__DUPLICATE_METHOD_MATCH</key>
				<string>YES</string>
				<key>CODE_SIGN_IDENTITY[sdk=iphoneos*]</key>
				<string>iPhone Developer</string>
				<key>COPY_PHASE_STRIP</key>
				<string>NO</string>
				<key>GCC_C_LANGUAGE_STANDARD</key>
				<string>gnu99</string>
				<key>GCC_DYNAMIC_NO_PIC</key>
				<string>NO</string>
				<key>GCC_OPTIMIZATION_LEVEL</key>
				<string>0</string>
				<key>GCC_PREPROCESSOR_DEFINITIONS</key>
				<array>
					<string>DEBUG=1</string>
					<string>$(inherited)</string>
				</array>
				<key>GCC_SYMBOLS_PRIVATE_EXTERN</key>
				<string>NO</string>
				<key>GCC_VERSION</key>
				<string>com.apple.compilers.llvm.clang.1_0</string>
				<key>GCC_WARN_ABOUT_RETURN_TYPE</key>
				<string>YES</string>
				<key>GCC_WARN_UNINITIALIZED_AUTOS</key>
				<string>YES</string>
				<key>GCC_WARN_UNUSED_VARIABLE</key>
				<string>YES</string>
				<key>IPHONEOS_DEPLOYMENT_TARGET</key>
				<string>7.0</string>
				<key>SDKROOT</key>
				<string>iphoneos</string>
				<key>TARGETED_DEVICE_FAMILY</key>
				<string>1,2</string>
			</dict>
			<key>isa</key>
			<string>XCBuildConfiguration</string>
			<key>name</key>
			<string>Debug</string>
		</dict>
		<key>F1F88C3316029BBC005C375F</key>
		<dict>
			<key>buildSettings</key>
			<dict>
				<key>ALWAYS_SEARCH_USER_PATHS</key>
				<string>NO</string>
				<key>ARCHS</key>
				<string>$(ARCHS_STANDARD_32_BIT)</string>
				<key>CLANG_CXX_LANGUAGE_STANDARD</key>
				<string>gnu++0x</string>
				<key>CLANG_ENABLE_OBJC_ARC</key>
				<string>YES</string>
				<key>CLANG_WARN__DUPLICATE_METHOD_MATCH</key>
				<string>YES</string>
				<key>CODE_SIGN_IDENTITY[sdk=iphoneos*]</key>
				<string>iPhone Developer</string>
				<key>COPY_PHASE_STRIP</key>
				<string>YES</string>
				<key>GCC_C_LANGUAGE_STANDARD</key>
				<string>gnu99</string>
				<key>GCC_VERSION</key>
				<string>com.apple.compilers.llvm.clang.1_0</string>
				<key>GCC_WARN_ABOUT_RETURN_TYPE</key>
				<string>YES</string>
				<key>GCC_WARN_UNINITIALIZED_AUTOS</key>
				<string>YES</string>
				<key>GCC_WARN_UNUSED_VARIABLE</key>
				<string>YES</string>
				<key>IPHONEOS_DEPLOYMENT_TARGET</key>
				<string>7.0</string>
				<key>OTHER_CFLAGS</key>
				<string>-DNS_BLOCK_ASSERTIONS=1</string>
				<key>SDKROOT</key>
				<string>iphoneos</string>
				<key>TARGETED_DEVICE_FAMILY</key>
				<string>1,2</string>
				<key>VALIDATE_PRODUCT</key>
				<string>YES</string>
			</dict>
			<key>isa</key>
			<string>XCBuildConfiguration</string>
			<key>name</key>
			<string>Release</string>
		</dict>
		<key>F1F88C3416029BBC005C375F</key>
		<dict>
			<key>buildConfigurations</key>
			<array>
				<string>F1F88C3516029BBC005C375F</string>
				<string>F1F88C3616029BBC005C375F</string>
			</array>
			<key>defaultConfigurationIsVisible</key>
			<string>0</string>
			<key>defaultConfigurationName</key>
			<string>Release</string>
			<key>isa</key>
			<string>XCConfigurationList</string>
		</dict>
		<key>F1F88C3516029BBC005C375F</key>
		<dict>
			<key>baseConfigurationReference</key>
			<string>4B322CB72B6447C19C0B8195</string>
			<key>buildSettings</key>
			<dict>
				<key>CODE_SIGN_IDENTITY</key>
				<string>iPhone Developer</string>
				<key>CODE_SIGN_IDENTITY[sdk=iphoneos*]</key>
				<string>iPhone Developer</string>
				<key>GCC_PRECOMPILE_PREFIX_HEADER</key>
				<string>YES</string>
				<key>GCC_PREFIX_HEADER</key>
				<string>TenByTen/TenByTen-Prefix.pch</string>
				<key>INFOPLIST_FILE</key>
				<string>TenByTen/TenByTen-Info.plist</string>
				<key>IPHONEOS_DEPLOYMENT_TARGET</key>
				<string>7.0</string>
				<key>PRODUCT_NAME</key>
				<string>10x10</string>
				<key>PROVISIONING_PROFILE</key>
				<string></string>
				<key>WRAPPER_EXTENSION</key>
				<string>app</string>
			</dict>
			<key>isa</key>
			<string>XCBuildConfiguration</string>
			<key>name</key>
			<string>Debug</string>
		</dict>
		<key>F1F88C3616029BBC005C375F</key>
		<dict>
			<key>baseConfigurationReference</key>
			<string>4B322CB72B6447C19C0B8195</string>
			<key>buildSettings</key>
			<dict>
				<key>CODE_SIGN_IDENTITY</key>
				<string>iPhone Developer</string>
				<key>CODE_SIGN_IDENTITY[sdk=iphoneos*]</key>
				<string>iPhone Developer</string>
				<key>GCC_PRECOMPILE_PREFIX_HEADER</key>
				<string>YES</string>
				<key>GCC_PREFIX_HEADER</key>
				<string>TenByTen/TenByTen-Prefix.pch</string>
				<key>INFOPLIST_FILE</key>
				<string>TenByTen/TenByTen-Info.plist</string>
				<key>IPHONEOS_DEPLOYMENT_TARGET</key>
				<string>7.0</string>
				<key>PRODUCT_NAME</key>
				<string>10x10</string>
				<key>PROVISIONING_PROFILE</key>
				<string></string>
				<key>WRAPPER_EXTENSION</key>
				<string>app</string>
			</dict>
			<key>isa</key>
			<string>XCBuildConfiguration</string>
			<key>name</key>
			<string>Release</string>
		</dict>
		<key>F1F88C3716029BBC005C375F</key>
		<dict>
			<key>buildConfigurations</key>
			<array>
				<string>F1F88C3816029BBC005C375F</string>
				<string>F1F88C3916029BBC005C375F</string>
			</array>
			<key>defaultConfigurationIsVisible</key>
			<string>0</string>
			<key>defaultConfigurationName</key>
			<string>Release</string>
			<key>isa</key>
			<string>XCConfigurationList</string>
		</dict>
		<key>F1F88C3816029BBC005C375F</key>
		<dict>
			<key>baseConfigurationReference</key>
			<string>7AB50BDEFE0A4C3C8D8E5022</string>
			<key>buildSettings</key>
			<dict>
				<key>BUNDLE_LOADER</key>
				<string>$(BUILT_PRODUCTS_DIR)/TenByTen.app/TenByTen</string>
				<key>FRAMEWORK_SEARCH_PATHS</key>
				<array>
					<string>"$(SDKROOT)/Developer/Library/Frameworks"</string>
					<string>"$(DEVELOPER_LIBRARY_DIR)/Frameworks"</string>
				</array>
				<key>GCC_PRECOMPILE_PREFIX_HEADER</key>
				<string>YES</string>
				<key>GCC_PREFIX_HEADER</key>
				<string>TenByTen/TenByTen-Prefix.pch</string>
				<key>INFOPLIST_FILE</key>
				<string>TenByTenTests/TenByTenTests-Info.plist</string>
				<key>IPHONEOS_DEPLOYMENT_TARGET</key>
				<string>7.0</string>
				<key>PRODUCT_NAME</key>
				<string>$(TARGET_NAME)</string>
				<key>TEST_HOST</key>
				<string>$(BUNDLE_LOADER)</string>
				<key>WRAPPER_EXTENSION</key>
				<string>octest</string>
			</dict>
			<key>isa</key>
			<string>XCBuildConfiguration</string>
			<key>name</key>
			<string>Debug</string>
		</dict>
		<key>F1F88C3916029BBC005C375F</key>
		<dict>
			<key>baseConfigurationReference</key>
			<string>7AB50BDEFE0A4C3C8D8E5022</string>
			<key>buildSettings</key>
			<dict>
				<key>BUNDLE_LOADER</key>
				<string>$(BUILT_PRODUCTS_DIR)/TenByTen.app/TenByTen</string>
				<key>FRAMEWORK_SEARCH_PATHS</key>
				<array>
					<string>"$(SDKROOT)/Developer/Library/Frameworks"</string>
					<string>"$(DEVELOPER_LIBRARY_DIR)/Frameworks"</string>
				</array>
				<key>GCC_PRECOMPILE_PREFIX_HEADER</key>
				<string>YES</string>
				<key>GCC_PREFIX_HEADER</key>
				<string>TenByTen/TenByTen-Prefix.pch</string>
				<key>INFOPLIST_FILE</key>
				<string>TenByTenTests/TenByTenTests-Info.plist</string>
				<key>IPHONEOS_DEPLOYMENT_TARGET</key>
				<string>7.0</string>
				<key>PRODUCT_NAME</key>
				<string>$(TARGET_NAME)</string>
				<key>TEST_HOST</key>
				<string>$(BUNDLE_LOADER)</string>
				<key>WRAPPER_EXTENSION</key>
				<string>octest</string>
			</dict>
			<key>isa</key>
			<string>XCBuildConfiguration</string>
			<key>name</key>
			<string>Release</string>
		</dict>
		<key>F628C491287647A8A35DBFC0</key>
		<dict>
			<key>fileRef</key>
			<string>6A7A614398184399A04C6FAB</string>
			<key>isa</key>
			<string>PBXBuildFile</string>
		</dict>
	</dict>
	<key>rootObject</key>
	<string>F1F88BF516029BBB005C375F</string>
</dict>
</plist>
